
Microsoft Visual Studio Solution File, Format Version 12.00
# Visual Studio Version 17
VisualStudioVersion = 17.0.31903.59
MinimumVisualStudioVersion = 10.0.40219.1
Project("{2150E333-8FDC-42A3-9474-1A3956D46DE8}") = "src", "src", "{827E0CD3-B72D-47B6-A68D-7590B98EB39B}"
EndProject
Project("{2150E333-8FDC-42A3-9474-1A3956D46DE8}") = "Core", "Core", "{8D626EA8-CB54-BC41-363A-217881BEBA6E}"
EndProject
Project("{2150E333-8FDC-42A3-9474-1A3956D46DE8}") = "InterfacesExternas", "InterfacesExternas", "{68D51686-3FE0-D6A9-BE68-1F75766C3817}"
EndProject
Project("{2150E333-8FDC-42A3-9474-1A3956D46DE8}") = "Tests", "Tests", "{D9E0F1A2-B3C4-4D5E-9F0A-8B9C0D1E2F3A}"
EndProject
Project("{FAE04EC0-301F-11D3-BF4B-00C04F79EFBC}") = "FastFood.Auth.Tests.Unit", "src\tests\FastFood.Auth.Tests.Unit\FastFood.Auth.Tests.Unit.csproj", "{A7B8C9D0-E1F2-4A5B-9C0D-6E7F8A9B0C1D}"
EndProject
Project("{FAE04EC0-301F-11D3-BF4B-00C04F79EFBC}") = "FastFood.Auth.Tests.Bdd", "src\tests\FastFood.Auth.Tests.Bdd\FastFood.Auth.Tests.Bdd.csproj", "{B8C9D0E1-F2A3-4B5C-9D0E-7F8A9B0C1D2E}"
EndProject
Project("{FAE04EC0-301F-11D3-BF4B-00C04F79EFBC}") = "FastFood.Auth.Lambda.Customer", "src\InterfacesExternas\FastFood.Auth.Lambda.Customer\FastFood.Auth.Lambda.Customer.csproj", "{7798996D-4317-485E-A6C8-23C0650A01EB}"
EndProject
Project("{FAE04EC0-301F-11D3-BF4B-00C04F79EFBC}") = "FastFood.Auth.Infra.Persistence", "src\Core\FastFood.Auth.Infra.Persistence\FastFood.Auth.Infra.Persistence.csproj", "{8596257B-970D-487B-9097-19FB7C756335}"
EndProject
Project("{FAE04EC0-301F-11D3-BF4B-00C04F79EFBC}") = "FastFood.Auth.Domain", "src\Core\FastFood.Auth.Domain\FastFood.Auth.Domain.csproj", "{5165EEA5-6F3A-4631-AC67-58D35676B82B}"
EndProject
Project("{FAE04EC0-301F-11D3-BF4B-00C04F79EFBC}") = "FastFood.Auth.Application", "src\Core\FastFood.Auth.Application\FastFood.Auth.Application.csproj", "{1BECB86B-BDCE-4518-A01A-2A4F9AD42C09}"
EndProject
Project("{FAE04EC0-301F-11D3-BF4B-00C04F79EFBC}") = "FastFood.Auth.Infra", "src\Core\FastFood.Auth.Infra\FastFood.Auth.Infra.csproj", "{1CB876C9-09B4-4384-9E48-9D0E356BD0BE}"
EndProject
Project("{FAE04EC0-301F-11D3-BF4B-00C04F79EFBC}") = "FastFood.Auth.Lambda.Admin", "src\InterfacesExternas\FastFood.Auth.Lambda.Admin\FastFood.Auth.Lambda.Admin.csproj", "{B3C1351D-15D4-4D04-B4FC-4453AE7E66F5}"
EndProject
Project("{FAE04EC0-301F-11D3-BF4B-00C04F79EFBC}") = "FastFood.Auth.Migrator", "src\InterfacesExternas\FastFood.Auth.Migrator\FastFood.Auth.Migrator.csproj", "{C7A10AB5-8127-4245-A294-E76D00A5A0CF}"
EndProject
Global
	GlobalSection(SolutionConfigurationPlatforms) = preSolution
		Debug|Any CPU = Debug|Any CPU
		Debug|x64 = Debug|x64
		Debug|x86 = Debug|x86
		Release|Any CPU = Release|Any CPU
		Release|x64 = Release|x64
		Release|x86 = Release|x86
	EndGlobalSection
	GlobalSection(ProjectConfigurationPlatforms) = postSolution
		{A7B8C9D0-E1F2-4A5B-9C0D-6E7F8A9B0C1D}.Debug|Any CPU.ActiveCfg = Debug|Any CPU
		{A7B8C9D0-E1F2-4A5B-9C0D-6E7F8A9B0C1D}.Debug|Any CPU.Build.0 = Debug|Any CPU
		{A7B8C9D0-E1F2-4A5B-9C0D-6E7F8A9B0C1D}.Debug|x64.ActiveCfg = Debug|Any CPU
		{A7B8C9D0-E1F2-4A5B-9C0D-6E7F8A9B0C1D}.Debug|x64.Build.0 = Debug|Any CPU
		{A7B8C9D0-E1F2-4A5B-9C0D-6E7F8A9B0C1D}.Debug|x86.ActiveCfg = Debug|Any CPU
		{A7B8C9D0-E1F2-4A5B-9C0D-6E7F8A9B0C1D}.Debug|x86.Build.0 = Debug|Any CPU
		{A7B8C9D0-E1F2-4A5B-9C0D-6E7F8A9B0C1D}.Release|Any CPU.ActiveCfg = Release|Any CPU
		{A7B8C9D0-E1F2-4A5B-9C0D-6E7F8A9B0C1D}.Release|Any CPU.Build.0 = Release|Any CPU
		{A7B8C9D0-E1F2-4A5B-9C0D-6E7F8A9B0C1D}.Release|x64.ActiveCfg = Release|Any CPU
		{A7B8C9D0-E1F2-4A5B-9C0D-6E7F8A9B0C1D}.Release|x64.Build.0 = Release|Any CPU
		{A7B8C9D0-E1F2-4A5B-9C0D-6E7F8A9B0C1D}.Release|x86.ActiveCfg = Release|Any CPU
		{A7B8C9D0-E1F2-4A5B-9C0D-6E7F8A9B0C1D}.Release|x86.Build.0 = Release|Any CPU
		{B8C9D0E1-F2A3-4B5C-9D0E-7F8A9B0C1D2E}.Debug|Any CPU.ActiveCfg = Debug|Any CPU
		{B8C9D0E1-F2A3-4B5C-9D0E-7F8A9B0C1D2E}.Debug|Any CPU.Build.0 = Debug|Any CPU
		{B8C9D0E1-F2A3-4B5C-9D0E-7F8A9B0C1D2E}.Debug|x64.ActiveCfg = Debug|Any CPU
		{B8C9D0E1-F2A3-4B5C-9D0E-7F8A9B0C1D2E}.Debug|x64.Build.0 = Debug|Any CPU
		{B8C9D0E1-F2A3-4B5C-9D0E-7F8A9B0C1D2E}.Debug|x86.ActiveCfg = Debug|Any CPU
		{B8C9D0E1-F2A3-4B5C-9D0E-7F8A9B0C1D2E}.Debug|x86.Build.0 = Debug|Any CPU
		{B8C9D0E1-F2A3-4B5C-9D0E-7F8A9B0C1D2E}.Release|Any CPU.ActiveCfg = Release|Any CPU
		{B8C9D0E1-F2A3-4B5C-9D0E-7F8A9B0C1D2E}.Release|Any CPU.Build.0 = Release|Any CPU
		{B8C9D0E1-F2A3-4B5C-9D0E-7F8A9B0C1D2E}.Release|x64.ActiveCfg = Release|Any CPU
		{B8C9D0E1-F2A3-4B5C-9D0E-7F8A9B0C1D2E}.Release|x64.Build.0 = Release|Any CPU
		{B8C9D0E1-F2A3-4B5C-9D0E-7F8A9B0C1D2E}.Release|x86.ActiveCfg = Release|Any CPU
		{B8C9D0E1-F2A3-4B5C-9D0E-7F8A9B0C1D2E}.Release|x86.Build.0 = Release|Any CPU
		{7798996D-4317-485E-A6C8-23C0650A01EB}.Debug|Any CPU.ActiveCfg = Debug|Any CPU
		{7798996D-4317-485E-A6C8-23C0650A01EB}.Debug|Any CPU.Build.0 = Debug|Any CPU
		{7798996D-4317-485E-A6C8-23C0650A01EB}.Debug|x64.ActiveCfg = Debug|Any CPU
		{7798996D-4317-485E-A6C8-23C0650A01EB}.Debug|x64.Build.0 = Debug|Any CPU
		{7798996D-4317-485E-A6C8-23C0650A01EB}.Debug|x86.ActiveCfg = Debug|Any CPU
		{7798996D-4317-485E-A6C8-23C0650A01EB}.Debug|x86.Build.0 = Debug|Any CPU
		{7798996D-4317-485E-A6C8-23C0650A01EB}.Release|Any CPU.ActiveCfg = Release|Any CPU
		{7798996D-4317-485E-A6C8-23C0650A01EB}.Release|Any CPU.Build.0 = Release|Any CPU
		{7798996D-4317-485E-A6C8-23C0650A01EB}.Release|x64.ActiveCfg = Release|Any CPU
		{7798996D-4317-485E-A6C8-23C0650A01EB}.Release|x64.Build.0 = Release|Any CPU
		{7798996D-4317-485E-A6C8-23C0650A01EB}.Release|x86.ActiveCfg = Release|Any CPU
		{7798996D-4317-485E-A6C8-23C0650A01EB}.Release|x86.Build.0 = Release|Any CPU
		{8596257B-970D-487B-9097-19FB7C756335}.Debug|Any CPU.ActiveCfg = Debug|Any CPU
		{8596257B-970D-487B-9097-19FB7C756335}.Debug|Any CPU.Build.0 = Debug|Any CPU
		{8596257B-970D-487B-9097-19FB7C756335}.Debug|x64.ActiveCfg = Debug|Any CPU
		{8596257B-970D-487B-9097-19FB7C756335}.Debug|x64.Build.0 = Debug|Any CPU
		{8596257B-970D-487B-9097-19FB7C756335}.Debug|x86.ActiveCfg = Debug|Any CPU
		{8596257B-970D-487B-9097-19FB7C756335}.Debug|x86.Build.0 = Debug|Any CPU
		{8596257B-970D-487B-9097-19FB7C756335}.Release|Any CPU.ActiveCfg = Release|Any CPU
		{8596257B-970D-487B-9097-19FB7C756335}.Release|Any CPU.Build.0 = Release|Any CPU
		{8596257B-970D-487B-9097-19FB7C756335}.Release|x64.ActiveCfg = Release|Any CPU
		{8596257B-970D-487B-9097-19FB7C756335}.Release|x64.Build.0 = Release|Any CPU
		{8596257B-970D-487B-9097-19FB7C756335}.Release|x86.ActiveCfg = Release|Any CPU
		{8596257B-970D-487B-9097-19FB7C756335}.Release|x86.Build.0 = Release|Any CPU
		{5165EEA5-6F3A-4631-AC67-58D35676B82B}.Debug|Any CPU.ActiveCfg = Debug|Any CPU
		{5165EEA5-6F3A-4631-AC67-58D35676B82B}.Debug|Any CPU.Build.0 = Debug|Any CPU
		{5165EEA5-6F3A-4631-AC67-58D35676B82B}.Debug|x64.ActiveCfg = Debug|Any CPU
		{5165EEA5-6F3A-4631-AC67-58D35676B82B}.Debug|x64.Build.0 = Debug|Any CPU
		{5165EEA5-6F3A-4631-AC67-58D35676B82B}.Debug|x86.ActiveCfg = Debug|Any CPU
		{5165EEA5-6F3A-4631-AC67-58D35676B82B}.Debug|x86.Build.0 = Debug|Any CPU
		{5165EEA5-6F3A-4631-AC67-58D35676B82B}.Release|Any CPU.ActiveCfg = Release|Any CPU
		{5165EEA5-6F3A-4631-AC67-58D35676B82B}.Release|Any CPU.Build.0 = Release|Any CPU
		{5165EEA5-6F3A-4631-AC67-58D35676B82B}.Release|x64.ActiveCfg = Release|Any CPU
		{5165EEA5-6F3A-4631-AC67-58D35676B82B}.Release|x64.Build.0 = Release|Any CPU
		{5165EEA5-6F3A-4631-AC67-58D35676B82B}.Release|x86.ActiveCfg = Release|Any CPU
		{5165EEA5-6F3A-4631-AC67-58D35676B82B}.Release|x86.Build.0 = Release|Any CPU
		{1BECB86B-BDCE-4518-A01A-2A4F9AD42C09}.Debug|Any CPU.ActiveCfg = Debug|Any CPU
		{1BECB86B-BDCE-4518-A01A-2A4F9AD42C09}.Debug|Any CPU.Build.0 = Debug|Any CPU
		{1BECB86B-BDCE-4518-A01A-2A4F9AD42C09}.Debug|x64.ActiveCfg = Debug|Any CPU
		{1BECB86B-BDCE-4518-A01A-2A4F9AD42C09}.Debug|x64.Build.0 = Debug|Any CPU
		{1BECB86B-BDCE-4518-A01A-2A4F9AD42C09}.Debug|x86.ActiveCfg = Debug|Any CPU
		{1BECB86B-BDCE-4518-A01A-2A4F9AD42C09}.Debug|x86.Build.0 = Debug|Any CPU
		{1BECB86B-BDCE-4518-A01A-2A4F9AD42C09}.Release|Any CPU.ActiveCfg = Release|Any CPU
		{1BECB86B-BDCE-4518-A01A-2A4F9AD42C09}.Release|Any CPU.Build.0 = Release|Any CPU
		{1BECB86B-BDCE-4518-A01A-2A4F9AD42C09}.Release|x64.ActiveCfg = Release|Any CPU
		{1BECB86B-BDCE-4518-A01A-2A4F9AD42C09}.Release|x64.Build.0 = Release|Any CPU
		{1BECB86B-BDCE-4518-A01A-2A4F9AD42C09}.Release|x86.ActiveCfg = Release|Any CPU
		{1BECB86B-BDCE-4518-A01A-2A4F9AD42C09}.Release|x86.Build.0 = Release|Any CPU
		{1CB876C9-09B4-4384-9E48-9D0E356BD0BE}.Debug|Any CPU.ActiveCfg = Debug|Any CPU
		{1CB876C9-09B4-4384-9E48-9D0E356BD0BE}.Debug|Any CPU.Build.0 = Debug|Any CPU
		{1CB876C9-09B4-4384-9E48-9D0E356BD0BE}.Debug|x64.ActiveCfg = Debug|Any CPU
		{1CB876C9-09B4-4384-9E48-9D0E356BD0BE}.Debug|x64.Build.0 = Debug|Any CPU
		{1CB876C9-09B4-4384-9E48-9D0E356BD0BE}.Debug|x86.ActiveCfg = Debug|Any CPU
		{1CB876C9-09B4-4384-9E48-9D0E356BD0BE}.Debug|x86.Build.0 = Debug|Any CPU
		{1CB876C9-09B4-4384-9E48-9D0E356BD0BE}.Release|Any CPU.ActiveCfg = Release|Any CPU
		{1CB876C9-09B4-4384-9E48-9D0E356BD0BE}.Release|Any CPU.Build.0 = Release|Any CPU
		{1CB876C9-09B4-4384-9E48-9D0E356BD0BE}.Release|x64.ActiveCfg = Release|Any CPU
		{1CB876C9-09B4-4384-9E48-9D0E356BD0BE}.Release|x64.Build.0 = Release|Any CPU
		{1CB876C9-09B4-4384-9E48-9D0E356BD0BE}.Release|x86.ActiveCfg = Release|Any CPU
		{1CB876C9-09B4-4384-9E48-9D0E356BD0BE}.Release|x86.Build.0 = Release|Any CPU
		{B3C1351D-15D4-4D04-B4FC-4453AE7E66F5}.Debug|Any CPU.ActiveCfg = Debug|Any CPU
		{B3C1351D-15D4-4D04-B4FC-4453AE7E66F5}.Debug|Any CPU.Build.0 = Debug|Any CPU
		{B3C1351D-15D4-4D04-B4FC-4453AE7E66F5}.Debug|x64.ActiveCfg = Debug|Any CPU
		{B3C1351D-15D4-4D04-B4FC-4453AE7E66F5}.Debug|x64.Build.0 = Debug|Any CPU
		{B3C1351D-15D4-4D04-B4FC-4453AE7E66F5}.Debug|x86.ActiveCfg = Debug|Any CPU
		{B3C1351D-15D4-4D04-B4FC-4453AE7E66F5}.Debug|x86.Build.0 = Debug|Any CPU
		{B3C1351D-15D4-4D04-B4FC-4453AE7E66F5}.Release|Any CPU.ActiveCfg = Release|Any CPU
		{B3C1351D-15D4-4D04-B4FC-4453AE7E66F5}.Release|Any CPU.Build.0 = Release|Any CPU
		{B3C1351D-15D4-4D04-B4FC-4453AE7E66F5}.Release|x64.ActiveCfg = Release|Any CPU
		{B3C1351D-15D4-4D04-B4FC-4453AE7E66F5}.Release|x64.Build.0 = Release|Any CPU
		{B3C1351D-15D4-4D04-B4FC-4453AE7E66F5}.Release|x86.ActiveCfg = Release|Any CPU
		{B3C1351D-15D4-4D04-B4FC-4453AE7E66F5}.Release|x86.Build.0 = Release|Any CPU
		{C7A10AB5-8127-4245-A294-E76D00A5A0CF}.Debug|Any CPU.ActiveCfg = Debug|Any CPU
		{C7A10AB5-8127-4245-A294-E76D00A5A0CF}.Debug|Any CPU.Build.0 = Debug|Any CPU
		{C7A10AB5-8127-4245-A294-E76D00A5A0CF}.Debug|x64.ActiveCfg = Debug|Any CPU
		{C7A10AB5-8127-4245-A294-E76D00A5A0CF}.Debug|x64.Build.0 = Debug|Any CPU
		{C7A10AB5-8127-4245-A294-E76D00A5A0CF}.Debug|x86.ActiveCfg = Debug|Any CPU
		{C7A10AB5-8127-4245-A294-E76D00A5A0CF}.Debug|x86.Build.0 = Debug|Any CPU
		{C7A10AB5-8127-4245-A294-E76D00A5A0CF}.Release|Any CPU.ActiveCfg = Release|Any CPU
		{C7A10AB5-8127-4245-A294-E76D00A5A0CF}.Release|Any CPU.Build.0 = Release|Any CPU
		{C7A10AB5-8127-4245-A294-E76D00A5A0CF}.Release|x64.ActiveCfg = Release|Any CPU
		{C7A10AB5-8127-4245-A294-E76D00A5A0CF}.Release|x64.Build.0 = Release|Any CPU
		{C7A10AB5-8127-4245-A294-E76D00A5A0CF}.Release|x86.ActiveCfg = Release|Any CPU
		{C7A10AB5-8127-4245-A294-E76D00A5A0CF}.Release|x86.Build.0 = Release|Any CPU
	EndGlobalSection
	GlobalSection(SolutionProperties) = preSolution
		HideSolutionNode = FALSE
	EndGlobalSection
	GlobalSection(NestedProjects) = preSolution
		{8D626EA8-CB54-BC41-363A-217881BEBA6E} = {827E0CD3-B72D-47B6-A68D-7590B98EB39B}
		{68D51686-3FE0-D6A9-BE68-1F75766C3817} = {827E0CD3-B72D-47B6-A68D-7590B98EB39B}
		{D9E0F1A2-B3C4-4D5E-9F0A-8B9C0D1E2F3A} = {827E0CD3-B72D-47B6-A68D-7590B98EB39B}
		{7798996D-4317-485E-A6C8-23C0650A01EB} = {68D51686-3FE0-D6A9-BE68-1F75766C3817}
		{8596257B-970D-487B-9097-19FB7C756335} = {8D626EA8-CB54-BC41-363A-217881BEBA6E}
		{5165EEA5-6F3A-4631-AC67-58D35676B82B} = {8D626EA8-CB54-BC41-363A-217881BEBA6E}
		{1BECB86B-BDCE-4518-A01A-2A4F9AD42C09} = {8D626EA8-CB54-BC41-363A-217881BEBA6E}
		{1CB876C9-09B4-4384-9E48-9D0E356BD0BE} = {8D626EA8-CB54-BC41-363A-217881BEBA6E}
		{B3C1351D-15D4-4D04-B4FC-4453AE7E66F5} = {68D51686-3FE0-D6A9-BE68-1F75766C3817}
		{C7A10AB5-8127-4245-A294-E76D00A5A0CF} = {68D51686-3FE0-D6A9-BE68-1F75766C3817}
		{A7B8C9D0-E1F2-4A5B-9C0D-6E7F8A9B0C1D} = {D9E0F1A2-B3C4-4D5E-9F0A-8B9C0D1E2F3A}
		{B8C9D0E1-F2A3-4B5C-9D0E-7F8A9B0C1D2E} = {D9E0F1A2-B3C4-4D5E-9F0A-8B9C0D1E2F3A}
	EndGlobalSection
EndGlobal
