<Solution>
  <Project Path="src/FastFood.Auth.Application/FastFood.Auth.Application.csproj" />
  <Project Path="src/FastFood.Auth.Domain/FastFood.Auth.Domain.csproj" />
  <Project Path="src/FastFood.Auth.Infra.Persistence/FastFood.Auth.Infra.Persistence.csproj" />
  <Project Path="src/FastFood.Auth.Lambda/FastFood.Auth.Lambda.csproj" />
  <Project Path="tests/FastFood.Auth.Tests.Bdd/FastFood.Auth.Tests.Bdd.csproj" />
  <Project Path="tests/FastFood.Auth.Tests.Unit/FastFood.Auth.Tests.Unit.csproj" />
</Solution>
